
Microsoft Visual Studio Solution File, Format Version 12.00
# Visual Studio 15
VisualStudioVersion = 15.0.28010.2046
MinimumVisualStudioVersion = 10.0.40219.1
Project("{8BC9CEB8-8B4A-11D0-8D11-00A0C91BC942}") = "CV Image Processor", "CV Image Processor.vcxproj", "{974EFA92-ED97-4B4E-8798-07F4A72F6F7F}"
EndProject
Global
	GlobalSection(SolutionConfigurationPlatforms) = preSolution
		Debug|x64 = Debug|x64
		Debug|x86 = Debug|x86
		Release|x64 = Release|x64
		Release|x86 = Release|x86
	EndGlobalSection
	GlobalSection(ProjectConfigurationPlatforms) = postSolution
		{974EFA92-ED97-4B4E-8798-07F4A72F6F7F}.Debug|x64.ActiveCfg = Debug|x64
		{974EFA92-ED97-4B4E-8798-07F4A72F6F7F}.Debug|x64.Build.0 = Debug|x64
		{974EFA92-ED97-4B4E-8798-07F4A72F6F7F}.Debug|x86.ActiveCfg = Debug|Win32
		{974EFA92-ED97-4B4E-8798-07F4A72F6F7F}.Debug|x86.Build.0 = Debug|Win32
		{974EFA92-ED97-4B4E-8798-07F4A72F6F7F}.Release|x64.ActiveCfg = Release|x64
		{974EFA92-ED97-4B4E-8798-07F4A72F6F7F}.Release|x64.Build.0 = Release|x64
		{974EFA92-ED97-4B4E-8798-07F4A72F6F7F}.Release|x86.ActiveCfg = Release|Win32
		{974EFA92-ED97-4B4E-8798-07F4A72F6F7F}.Release|x86.Build.0 = Release|Win32
	EndGlobalSection
	GlobalSection(SolutionProperties) = preSolution
		HideSolutionNode = FALSE
	EndGlobalSection
	GlobalSection(ExtensibilityGlobals) = postSolution
		SolutionGuid = {DAE2041A-56EC-4BF9-903A-3A6F22163D0D}
	EndGlobalSection
EndGlobal
